
Microsoft Visual Studio Solution File, Format Version 12.00
# Visual Studio 15
Project("{FAE04EC0-301F-11D3-BF4B-00C04F79EFBC}") = "SteamVR", "SteamVR.csproj", "{C293A9F1-F926-80C2-8699-D184EA18C602}"
EndProject
Project("{FAE04EC0-301F-11D3-BF4B-00C04F79EFBC}") = "Assembly-CSharp-firstpass", "Assembly-CSharp-firstpass.csproj", "{82FD918D-5775-DC9E-DF0E-FB62F5BA7001}"
EndProject
Project("{FAE04EC0-301F-11D3-BF4B-00C04F79EFBC}") = "SteamVR_Actions", "SteamVR_Actions.csproj", "{209E2687-9D18-2693-328F-A7CCDAC68FC7}"
EndProject
Project("{FAE04EC0-301F-11D3-BF4B-00C04F79EFBC}") = "Assembly-CSharp", "Assembly-CSharp.csproj", "{70AD61A0-47CF-2672-C9B7-367BB4DCE651}"
EndProject
Project("{FAE04EC0-301F-11D3-BF4B-00C04F79EFBC}") = "SteamVR_Editor", "SteamVR_Editor.csproj", "{8460F089-504D-39F4-9E0A-2F2008E241C3}"
EndProject
Project("{FAE04EC0-301F-11D3-BF4B-00C04F79EFBC}") = "SteamVR_Input_Editor", "SteamVR_Input_Editor.csproj", "{445E8B20-F71C-7051-7360-26F57B78C382}"
EndProject
Project("{FAE04EC0-301F-11D3-BF4B-00C04F79EFBC}") = "SteamVR_Windows_EditorHelper", "SteamVR_Windows_EditorHelper.csproj", "{F7313DB8-06B4-2661-0146-516A05DC47BF}"
EndProject
Global
	GlobalSection(SolutionConfigurationPlatforms) = preSolution
		Debug|Any CPU = Debug|Any CPU
		Release|Any CPU = Release|Any CPU
	EndGlobalSection
	GlobalSection(ProjectConfigurationPlatforms) = postSolution
		{C293A9F1-F926-80C2-8699-D184EA18C602}.Debug|Any CPU.ActiveCfg = Debug|Any CPU
		{C293A9F1-F926-80C2-8699-D184EA18C602}.Debug|Any CPU.Build.0 = Debug|Any CPU
		{C293A9F1-F926-80C2-8699-D184EA18C602}.Release|Any CPU.ActiveCfg = Release|Any CPU
		{C293A9F1-F926-80C2-8699-D184EA18C602}.Release|Any CPU.Build.0 = Release|Any CPU
		{82FD918D-5775-DC9E-DF0E-FB62F5BA7001}.Debug|Any CPU.ActiveCfg = Debug|Any CPU
		{82FD918D-5775-DC9E-DF0E-FB62F5BA7001}.Debug|Any CPU.Build.0 = Debug|Any CPU
		{82FD918D-5775-DC9E-DF0E-FB62F5BA7001}.Release|Any CPU.ActiveCfg = Release|Any CPU
		{82FD918D-5775-DC9E-DF0E-FB62F5BA7001}.Release|Any CPU.Build.0 = Release|Any CPU
		{209E2687-9D18-2693-328F-A7CCDAC68FC7}.Debug|Any CPU.ActiveCfg = Debug|Any CPU
		{209E2687-9D18-2693-328F-A7CCDAC68FC7}.Debug|Any CPU.Build.0 = Debug|Any CPU
		{209E2687-9D18-2693-328F-A7CCDAC68FC7}.Release|Any CPU.ActiveCfg = Release|Any CPU
		{209E2687-9D18-2693-328F-A7CCDAC68FC7}.Release|Any CPU.Build.0 = Release|Any CPU
		{70AD61A0-47CF-2672-C9B7-367BB4DCE651}.Debug|Any CPU.ActiveCfg = Debug|Any CPU
		{70AD61A0-47CF-2672-C9B7-367BB4DCE651}.Debug|Any CPU.Build.0 = Debug|Any CPU
		{70AD61A0-47CF-2672-C9B7-367BB4DCE651}.Release|Any CPU.ActiveCfg = Release|Any CPU
		{70AD61A0-47CF-2672-C9B7-367BB4DCE651}.Release|Any CPU.Build.0 = Release|Any CPU
		{8460F089-504D-39F4-9E0A-2F2008E241C3}.Debug|Any CPU.ActiveCfg = Debug|Any CPU
		{8460F089-504D-39F4-9E0A-2F2008E241C3}.Debug|Any CPU.Build.0 = Debug|Any CPU
		{8460F089-504D-39F4-9E0A-2F2008E241C3}.Release|Any CPU.ActiveCfg = Release|Any CPU
		{8460F089-504D-39F4-9E0A-2F2008E241C3}.Release|Any CPU.Build.0 = Release|Any CPU
		{445E8B20-F71C-7051-7360-26F57B78C382}.Debug|Any CPU.ActiveCfg = Debug|Any CPU
		{445E8B20-F71C-7051-7360-26F57B78C382}.Debug|Any CPU.Build.0 = Debug|Any CPU
		{445E8B20-F71C-7051-7360-26F57B78C382}.Release|Any CPU.ActiveCfg = Release|Any CPU
		{445E8B20-F71C-7051-7360-26F57B78C382}.Release|Any CPU.Build.0 = Release|Any CPU
		{F7313DB8-06B4-2661-0146-516A05DC47BF}.Debug|Any CPU.ActiveCfg = Debug|Any CPU
		{F7313DB8-06B4-2661-0146-516A05DC47BF}.Debug|Any CPU.Build.0 = Debug|Any CPU
		{F7313DB8-06B4-2661-0146-516A05DC47BF}.Release|Any CPU.ActiveCfg = Release|Any CPU
		{F7313DB8-06B4-2661-0146-516A05DC47BF}.Release|Any CPU.Build.0 = Release|Any CPU
	EndGlobalSection
	GlobalSection(SolutionProperties) = preSolution
		HideSolutionNode = FALSE
	EndGlobalSection
EndGlobal
